{
  "version": "3",
  "packages": {
    "specifiers": {
      "npm:@types/node": "npm:@types/node@18.16.19"
    },
    "npm": {
      "@types/node@18.16.19": {
        "integrity": "sha512-IXl7o+R9iti9eBW4Wg2hx1xQDig183jj7YLn8F7udNceyfkbn1ZxmzZXuak20gR40D7pIkIY1kYGx5VIGbaHKA==",
        "dependencies": {}
      }
    }
  },
  "redirects": {
    "https://lib.deno.dev/x/grammy@v1/mod.ts": "https://deno.land/x/grammy@v1.25.1/mod.ts",
    "https://lib.deno.dev/x/grammy@v1/types.ts": "https://deno.land/x/grammy@v1.25.1/types.ts"
  },
  "remote": {
    "https://cdn.skypack.dev/-/debug@v4.3.4-o4liVvMlOnQWbLSYZMXw/dist=es2019,mode=imports/optimized/debug.js": "671100993996e39b501301a87000607916d4d2d9f8fc8e9c5200ae5ba64a1389",
    "https://cdn.skypack.dev/-/ms@v2.1.2-giBDZ1IA5lmQ3ZXaa87V/dist=es2019,mode=imports/optimized/ms.js": "fd88e2d51900437011f1ad232f3393ce97db1b87a7844b3c58dd6d65562c1276",
    "https://cdn.skypack.dev/debug@4.3.4": "7b1d010cc930f71b940ba5941da055bc181115229e29de7214bdb4425c68ea76",
    "https://deno.land/std@0.150.0/media_types/_util.ts": "ce9b4fc4ba1c447dafab619055e20fd88236ca6bdd7834a21f98bd193c3fbfa1",
    "https://deno.land/std@0.150.0/media_types/mod.ts": "2d4b6f32a087029272dc59e0a55ae3cc4d1b27b794ccf528e94b1925795b3118",
    "https://deno.land/std@0.150.0/media_types/vendor/mime-db.v1.52.0.ts": "724cee25fa40f1a52d3937d6b4fbbfdd7791ff55e1b7ac08d9319d5632c7f5af",
    "https://deno.land/std@0.211.0/path/_common/assert_path.ts": "2ca275f36ac1788b2acb60fb2b79cb06027198bc2ba6fb7e163efaedde98c297",
    "https://deno.land/std@0.211.0/path/_common/basename.ts": "569744855bc8445f3a56087fd2aed56bdad39da971a8d92b138c9913aecc5fa2",
    "https://deno.land/std@0.211.0/path/_common/constants.ts": "dc5f8057159f4b48cd304eb3027e42f1148cf4df1fb4240774d3492b5d12ac0c",
    "https://deno.land/std@0.211.0/path/_common/strip_trailing_separators.ts": "7024a93447efcdcfeaa9339a98fa63ef9d53de363f1fbe9858970f1bba02655a",
    "https://deno.land/std@0.211.0/path/_os.ts": "8fb9b90fb6b753bd8c77cfd8a33c2ff6c5f5bc185f50de8ca4ac6a05710b2c15",
    "https://deno.land/std@0.211.0/path/basename.ts": "5d341aadb7ada266e2280561692c165771d071c98746fcb66da928870cd47668",
    "https://deno.land/std@0.211.0/path/posix/_util.ts": "1e3937da30f080bfc99fe45d7ed23c47dd8585c5e473b2d771380d3a6937cf9d",
    "https://deno.land/std@0.211.0/path/posix/basename.ts": "39ee27a29f1f35935d3603ccf01d53f3d6e0c5d4d0f84421e65bd1afeff42843",
    "https://deno.land/std@0.211.0/path/windows/_util.ts": "d5f47363e5293fced22c984550d5e70e98e266cc3f31769e1710511803d04808",
    "https://deno.land/std@0.211.0/path/windows/basename.ts": "e2dbf31d1d6385bfab1ce38c333aa290b6d7ae9e0ecb8234a654e583cf22f8fe",
    "https://deno.land/x/grammy@v1.25.1/bot.ts": "291fec55778b8ff25112be28ee24ed3d68ea58f8a07e6fe9584953c242564ef3",
    "https://deno.land/x/grammy@v1.25.1/composer.ts": "a86dcd6c83e91f720ceb85dab2b1c7b966fc18fc6440848b87b4897fcaa63fc8",
    "https://deno.land/x/grammy@v1.25.1/context.ts": "1e09130748415d44c0f51835cdaf75e42a2bb620ef94ffeb0c161b21cbbe1ece",
    "https://deno.land/x/grammy@v1.25.1/convenience/constants.ts": "1560129784be52f49aa0bea8716f09ed00dac367fef195be6a2c09bdfc43fb99",
    "https://deno.land/x/grammy@v1.25.1/convenience/frameworks.ts": "69f343980c349f9552a022ae732b3d5de0894013df0fd304b4ad29bd62425dc1",
    "https://deno.land/x/grammy@v1.25.1/convenience/inline_query.ts": "409d1940c7670708064efa495003bcbfdf6763a756b2e6303c464489fd3394ff",
    "https://deno.land/x/grammy@v1.25.1/convenience/input_media.ts": "7af72a5fdb1af0417e31b1327003f536ddfdf64e06ab8bc7f5da6b574de38658",
    "https://deno.land/x/grammy@v1.25.1/convenience/keyboard.ts": "6223ded897b1a02de2a35c5c2574415ca9bdf24538a136692e897ec51c16c76b",
    "https://deno.land/x/grammy@v1.25.1/convenience/session.ts": "931fc31b58c6c9fee1d969505027e060fc5a2784a9219d9303da84e849532071",
    "https://deno.land/x/grammy@v1.25.1/convenience/webhook.ts": "5ae7b9f2ea9e5b424009587d4232eb28f6e56d20ab20d49c7d9681af68dc7f13",
    "https://deno.land/x/grammy@v1.25.1/core/api.ts": "0f385b35fe398722e8184115deaf0435cb0f08cf9012d3eb1258aad8d66db79c",
    "https://deno.land/x/grammy@v1.25.1/core/client.ts": "df622a135e71229ffe722406850c9c08b90dcdd4d049b46926128599c73f9dc5",
    "https://deno.land/x/grammy@v1.25.1/core/error.ts": "553ec19e1ec51d8161d7f54891d345533aa07232005575549e8b7c919ee4795e",
    "https://deno.land/x/grammy@v1.25.1/core/payload.ts": "420e17c3c2830b5576ea187cfce77578fe09f1204b25c25ea2f220ca7c86e73b",
    "https://deno.land/x/grammy@v1.25.1/filter.ts": "b02b99ffd07a4dc8a8473f29d3e26f23d984fa7cb9bee1c7314e710960339229",
    "https://deno.land/x/grammy@v1.25.1/mod.ts": "7723e08709ff7fd01df3e463503e14e4fd1a581669380eed70351e1121e8a833",
    "https://deno.land/x/grammy@v1.25.1/platform.deno.ts": "68272a7e1d9a2d74d8a45342526485dbc0531dee812f675d7f8a4e7fc8393028",
    "https://deno.land/x/grammy@v1.25.1/types.deno.ts": "4e093ea34b567412e1aef8f76c03c1acd6c332da65a4d555c7b489184a5e5c56",
    "https://deno.land/x/grammy@v1.25.1/types.ts": "729415590dfa188dbe924dea614dff4e976babdbabb28a307b869fc25777cdf0",
    "https://deno.land/x/grammy_conversations@v1.2.0/conversation.ts": "4bcad06e2ac562969a7a6661bb1cf1477a3fe9e537c18419de65c456feb69499",
    "https://deno.land/x/grammy_conversations@v1.2.0/deps.deno.ts": "c982798d7ca4cd3ebcd5a24319d03c5980dc47827b5a172a77022859abdb404e",
    "https://deno.land/x/grammy_conversations@v1.2.0/form.ts": "d2d527fdcb26eb489b4aa1a183ae3aa14bf185a375ebf7d5c6ab8360e8b0e170",
    "https://deno.land/x/grammy_conversations@v1.2.0/mod.ts": "4234b7a353ebb6770352c8b1fcafb0de40abd764cc44ae018f10b29c3a065b50",
    "https://deno.land/x/grammy_conversations@v1.2.0/utils.ts": "139ebe78dbf078d3bbf8cbc78ad286125a08e7e7895d4985fff7be9cef328e20",
    "https://deno.land/x/grammy_types@v3.9.0/api.ts": "ae04d6628e3d25ae805bc07a19475065044fc44cde0a40877405bc3544d03a5f",
    "https://deno.land/x/grammy_types@v3.9.0/inline.ts": "9bc165676a2bb984525adf2c457cdf5f432016b25c3d399dceedfeaf638dbf29",
    "https://deno.land/x/grammy_types@v3.9.0/langs.ts": "5f5fd09c58ba3ae942dd7cea2696f95587d2032c1829bba4bca81762b7ef73b6",
    "https://deno.land/x/grammy_types@v3.9.0/manage.ts": "1520ae589dbfcdbfba1b8dcf5486c18ec880aaa7382e2ccf4f9176e8f79aa0e9",
    "https://deno.land/x/grammy_types@v3.9.0/markup.ts": "7430abcea68d294df73a433f621a37cf1281718d3e29e903ed1e474038c7489d",
    "https://deno.land/x/grammy_types@v3.9.0/message.ts": "d07eb19830f6c694ad468eb8b6201f6ffea1acb7565510da380b9ab66e699733",
    "https://deno.land/x/grammy_types@v3.9.0/methods.ts": "33cacec1eddec0ee1ced201af54401eda045197ccb7e72dea640b35165e6ba45",
    "https://deno.land/x/grammy_types@v3.9.0/mod.ts": "7ecea1d3f7085d64419b78183039c78d70d655aeaa8b07f118ffbfb823f5b0b7",
    "https://deno.land/x/grammy_types@v3.9.0/passport.ts": "19820e7d6c279521f8bc8912d6a378239f73d4ab525453808994b5f44ef95215",
    "https://deno.land/x/grammy_types@v3.9.0/payment.ts": "e12f89415d264c9c1e54e0b75f72ece2dbfbab68b4e8dd9cb8171758e85c355c",
    "https://deno.land/x/grammy_types@v3.9.0/settings.ts": "5e989f5bd6c587d55673bd8052293869aa2f372e9223dd7f6e28632bfe021b6e",
    "https://deno.land/x/grammy_types@v3.9.0/update.ts": "7033ebfbecf6fbbd2d68f7a3550c9b04e553228a2143104fc63c42dd7f8f6881",
    "https://deno.land/x/oson@1.0.1/constructors.ts": "2b77dcdc8d8db5ece2860d1657f4dcef37dd761684f1d4b9535c7e56a0fbfcf6",
    "https://deno.land/x/oson@1.0.1/mod.ts": "54e494dc517ce0de6c727c25d9731ccc748e8646c883e922dc5d656f523a4e5b",
    "https://deno.land/x/oson@1.0.1/oson.ts": "ec3908ae5c9ceff7bfd869d95a2183b929b9d96fbff44b57d28d3b742d06a4a1",
    "https://deno.land/x/xhr@0.3.0/mod.ts": "094aacd627fd9635cd942053bf8032b5223b909858fa9dc8ffa583752ff63b20",
    "https://esm.sh/@supabase/supabase-js@2.8.0": "8a0b2804e85982563d0e9638bc6a50ef9b8d28c0e8e31ea2a0daeb9dabf5f73d",
    "https://esm.sh/v135/@supabase/functions-js@2.1.5/denonext/functions-js.mjs": "739affd2df20c1affd91991c3731c2537d270b82be5cdbd926c43be40eb2fdc5",
    "https://esm.sh/v135/@supabase/functions-js@2.3.1/denonext/functions-js.mjs": "c10a0bbd935fc12cae58918b8e23cb339d54c443983caeb597dd8cd76a76f940",
    "https://esm.sh/v135/@supabase/gotrue-js@2.57.0/denonext/gotrue-js.mjs": "a4e6768643628fc5445683f4f58090ea5b65c51c3abb165dc0a385cf8eae2121",
    "https://esm.sh/v135/@supabase/gotrue-js@2.62.2/denonext/gotrue-js.mjs": "326e26884bb2e359f192078b8c602a2e0acdc754767a274fe1df844319a8d319",
    "https://esm.sh/v135/@supabase/node-fetch@2.6.14/denonext/node-fetch.mjs": "23a71af3512da67a8757ab1e2356fa22565758444ea1fc08e0de0e8d4625e8aa",
    "https://esm.sh/v135/@supabase/node-fetch@2.6.15/denonext/node-fetch.mjs": "efad00ea3d4cbe1bee688836ef75339d49a1981bc5728a13e9ad5f26791d5efb",
    "https://esm.sh/v135/@supabase/postgrest-js@1.15.2/denonext/postgrest-js.mjs": "1d36cf3106c6dd6ce21473b57d88478802ceef6d22e67af1f92c508607302e50",
    "https://esm.sh/v135/@supabase/postgrest-js@1.9.0/denonext/postgrest-js.mjs": "e6239e65dca3c73527af617ee406934dc509a33e4082a9da9c3aa6c430519cdf",
    "https://esm.sh/v135/@supabase/realtime-js@2.8.4/denonext/realtime-js.mjs": "9f8af6f82b095b1b1d336a92c4ff8519a5b7f783a1e09eab005114b983cafd5d",
    "https://esm.sh/v135/@supabase/realtime-js@2.9.4/denonext/realtime-js.mjs": "5a4443e535c1ef8c469c281442a976f47735b3ee378c9e6d8b9a379c56b2f852",
    "https://esm.sh/v135/@supabase/storage-js@2.5.4/denonext/storage-js.mjs": "dff68679fb795ec7e157b8f51cb0b8c544d6c3d57ecc093f5b15eb909439efcd",
    "https://esm.sh/v135/@supabase/storage-js@2.5.5/denonext/storage-js.mjs": "66e29e4e55c7d396503e2d1d9376cfbc34f046b962bce4524c2d80b209fff413",
    "https://esm.sh/v135/@supabase/supabase-js@2.8.0/denonext/supabase-js.mjs": "0d86ef4c74500a35dabb2ff20923f9bddf865c6447550dd0cb5241ba98720c3e",
    "https://esm.sh/v135/bufferutil@4.0.8/denonext/bufferutil.mjs": "60a4618cbd1a5cb24935c55590b793d4ecb33862357d32e1d4614a0bbb90947f",
    "https://esm.sh/v135/cross-fetch@3.1.8/denonext/cross-fetch.mjs": "8fba9e7c3fbaf0d2168beb63ce0cd21b5bfbfbd77e2fcbf8d957d533a71222f6",
    "https://esm.sh/v135/es5-ext@0.10.62/denonext/global.js": "2f51d9acef1f761faaa542da919b3c747744ea29fe709d0a904fd531716a93d6",
    "https://esm.sh/v135/node-gyp-build@4.6.1/denonext/node-gyp-build.mjs": "5d28b312f145a6cb2ec0dbdd80a7d34c0e0e6b5dcada65411d8bcff6c8991cc6",
    "https://esm.sh/v135/utf-8-validate@6.0.3/denonext/utf-8-validate.mjs": "410c48d66840e987e474a4849cd25829817415cedd25466280effb1287d05aa5",
    "https://esm.sh/v135/websocket@1.0.34/denonext/websocket.mjs": "dfe5d62007e9f7430d561e2376fe47caa9d04cb016d83d3386fcc2206a90296b",
    "https://esm.sh/v135/ws@8.16.0/denonext/ws.mjs": "0fa0c00b69577ba36d0a36001329b2cec91498cb2e33e329fc76aa6d51a0d54d"
  }
}
